
Microsoft Visual Studio Solution File, Format Version 12.00
# Visual Studio Version 17
VisualStudioVersion = 17.9.34902.65
MinimumVisualStudioVersion = 10.0.40219.1
Project("{2150E333-8FDC-42A3-9474-1A3956D46DE8}") = "SRP1", "SRP1", "{E689CA6C-2ABB-4DC7-BBAB-02021FB8BA7A}"
EndProject
Project("{2150E333-8FDC-42A3-9474-1A3956D46DE8}") = "SRP2", "SRP2", "{E5636341-A725-4DB8-8A26-9CA93E180794}"
EndProject
Project("{2150E333-8FDC-42A3-9474-1A3956D46DE8}") = "OCP1", "OCP1", "{8B5A7BD6-8D02-4E3B-857B-932406A607EC}"
EndProject
Project("{2150E333-8FDC-42A3-9474-1A3956D46DE8}") = "OCP2", "OCP2", "{713E591F-6EB5-4957-A072-4A37DFCA4733}"
EndProject
Project("{2150E333-8FDC-42A3-9474-1A3956D46DE8}") = "LSP1", "LSP1", "{C97AEF3B-41D3-423B-A119-26CF5E3C0842}"
EndProject
Project("{2150E333-8FDC-42A3-9474-1A3956D46DE8}") = "LSP2", "LSP2", "{DB59E211-EE36-41CB-8701-AC29B55A9877}"
EndProject
Project("{2150E333-8FDC-42A3-9474-1A3956D46DE8}") = "ISP1", "ISP1", "{C3EFBB1B-85B9-4B03-89B9-9E1E3AB2B550}"
EndProject
Project("{2150E333-8FDC-42A3-9474-1A3956D46DE8}") = "ISP2", "ISP2", "{AA6AACC6-6C6B-41D4-8373-698FCC1FC88A}"
EndProject
Project("{2150E333-8FDC-42A3-9474-1A3956D46DE8}") = "DIP1", "DIP1", "{2F015F39-E225-4A42-B9A3-D1F694516D2F}"
EndProject
Project("{2150E333-8FDC-42A3-9474-1A3956D46DE8}") = "DIP2", "DIP2", "{72511F32-206E-417D-9806-F0EB91010025}"
EndProject
Project("{2150E333-8FDC-42A3-9474-1A3956D46DE8}") = "SRP", "SRP", "{4A9DB6CD-8066-42EC-944B-1B76813ED7FD}"
EndProject
Project("{2150E333-8FDC-42A3-9474-1A3956D46DE8}") = "OCP", "OCP", "{D9DACF83-962E-4146-8ED3-8A241ED68221}"
EndProject
Project("{2150E333-8FDC-42A3-9474-1A3956D46DE8}") = "LSP", "LSP", "{9ABD87FD-FCCF-4944-888C-FAA21FDDDE27}"
EndProject
Project("{2150E333-8FDC-42A3-9474-1A3956D46DE8}") = "ISP", "ISP", "{BA2649A7-46B1-4C59-8DB1-D178921B8862}"
EndProject
Project("{2150E333-8FDC-42A3-9474-1A3956D46DE8}") = "DIP", "DIP", "{FFC43BEF-8791-4F42-9E86-EB14F78BA860}"
EndProject
Project("{9A19103F-16F7-4668-BE54-9A1E7A4F7556}") = "SRP2.Good", "SRP2.Good\SRP2.Good.csproj", "{5ED27DBB-5DBD-4605-80AC-89662980468A}"
EndProject
Project("{9A19103F-16F7-4668-BE54-9A1E7A4F7556}") = "OCP1.Bad", "OCP1.Bad\OCP1.Bad.csproj", "{CF745CB4-9BF3-4E6B-9B4E-717DF1CE8D78}"
EndProject
Project("{9A19103F-16F7-4668-BE54-9A1E7A4F7556}") = "OCP1.Good", "OCP1.Good\OCP1.Good.csproj", "{5B6B46B8-4B32-4E51-8239-58A0AE249DAA}"
EndProject
Project("{9A19103F-16F7-4668-BE54-9A1E7A4F7556}") = "OCP2.Bad", "OCP2.Bad\OCP2.Bad.csproj", "{44AFD978-F0D3-4E59-A665-DD484BDEA603}"
EndProject
Project("{9A19103F-16F7-4668-BE54-9A1E7A4F7556}") = "OCP2.Good", "OCP2.Good\OCP2.Good.csproj", "{3AE48D26-C3FD-4F79-9AAA-0BFC60083C34}"
EndProject
Project("{9A19103F-16F7-4668-BE54-9A1E7A4F7556}") = "LSP1.Good", "LSP1.Good\LSP1.Good.csproj", "{5D9140AB-04CD-4E5F-A93D-B36DBD95F1C8}"
EndProject
Project("{9A19103F-16F7-4668-BE54-9A1E7A4F7556}") = "LSP1.Bad", "LSP1.Bad\LSP1.Bad.csproj", "{F78D781E-ED4C-485B-AD36-32728E50701A}"
EndProject
Project("{9A19103F-16F7-4668-BE54-9A1E7A4F7556}") = "LSP2.Bad", "LSP2.Bad\LSP2.Bad.csproj", "{345A8AA4-1BDC-4BD5-BEB7-CF92902F4071}"
EndProject
Project("{9A19103F-16F7-4668-BE54-9A1E7A4F7556}") = "LSP2.Good", "LSP2.Good\LSP2.Good.csproj", "{F3A74D98-8634-4120-920B-D04EFFA9F94A}"
EndProject
Project("{9A19103F-16F7-4668-BE54-9A1E7A4F7556}") = "ISP1.Bad", "ISP1.Bad\ISP1.Bad.csproj", "{3D343E25-A031-49D5-8E3F-FA59F66C05AA}"
EndProject
Project("{9A19103F-16F7-4668-BE54-9A1E7A4F7556}") = "ISP1.Good", "ISP1.Good\ISP1.Good.csproj", "{CC2FB06D-1CE6-47FA-90B9-A4CCD9634599}"
EndProject
Project("{9A19103F-16F7-4668-BE54-9A1E7A4F7556}") = "ISP2.Bad", "ISP2.Bad\ISP2.Bad.csproj", "{F89CBF8E-4726-498B-8303-DC8AE3A13F1A}"
EndProject
Project("{9A19103F-16F7-4668-BE54-9A1E7A4F7556}") = "ISP2.Good", "ISP2.Good\ISP2.Good.csproj", "{073A710B-5FA8-4CB2-A187-519FCC21AA7B}"
EndProject
Project("{9A19103F-16F7-4668-BE54-9A1E7A4F7556}") = "DIP1.Bad", "DIP1.Bad\DIP1.Bad.csproj", "{D3A45DEE-77D6-4C9D-994E-489135277B48}"
EndProject
Project("{9A19103F-16F7-4668-BE54-9A1E7A4F7556}") = "DIP1.Good", "DIP1.Good\DIP1.Good.csproj", "{13160884-918B-4DB0-A921-6778418427EB}"
EndProject
Project("{9A19103F-16F7-4668-BE54-9A1E7A4F7556}") = "DIP2.Bad", "DIP2.Bad\DIP2.Bad.csproj", "{F1017BC2-33B8-460C-9D80-5AA12628E820}"
EndProject
Project("{9A19103F-16F7-4668-BE54-9A1E7A4F7556}") = "DIP2.Good", "DIP2.Good\DIP2.Good.csproj", "{38061B29-6B04-45BC-AF0C-8885E4642083}"
EndProject
Project("{9A19103F-16F7-4668-BE54-9A1E7A4F7556}") = "SRP1.Bad", "SRP1.Bad\SRP1.Bad.csproj", "{AF7CA2CD-7447-4259-B01D-7CEE746AF693}"
EndProject
Project("{9A19103F-16F7-4668-BE54-9A1E7A4F7556}") = "SRP1.Good", "SRP1.Good\SRP1.Good.csproj", "{1A73168C-E76A-4BB1-A334-2907F17A8776}"
EndProject
Project("{9A19103F-16F7-4668-BE54-9A1E7A4F7556}") = "SRP2.Bad", "SRP2.Bad\SRP2.Bad.csproj", "{9B6739EC-E8D6-4769-8D7B-F886D95FB387}"
EndProject
Project("{FAE04EC0-301F-11D3-BF4B-00C04F79EFBC}") = "Shared", "Shared\Shared.csproj", "{E106F4F3-287A-4B53-AA45-20C703FEEF7E}"
EndProject
Global
	GlobalSection(SolutionConfigurationPlatforms) = preSolution
		Debug|Any CPU = Debug|Any CPU
		Release|Any CPU = Release|Any CPU
	EndGlobalSection
	GlobalSection(ProjectConfigurationPlatforms) = postSolution
		{5ED27DBB-5DBD-4605-80AC-89662980468A}.Debug|Any CPU.ActiveCfg = Debug|Any CPU
		{5ED27DBB-5DBD-4605-80AC-89662980468A}.Debug|Any CPU.Build.0 = Debug|Any CPU
		{5ED27DBB-5DBD-4605-80AC-89662980468A}.Release|Any CPU.ActiveCfg = Release|Any CPU
		{5ED27DBB-5DBD-4605-80AC-89662980468A}.Release|Any CPU.Build.0 = Release|Any CPU
		{CF745CB4-9BF3-4E6B-9B4E-717DF1CE8D78}.Debug|Any CPU.ActiveCfg = Debug|Any CPU
		{CF745CB4-9BF3-4E6B-9B4E-717DF1CE8D78}.Debug|Any CPU.Build.0 = Debug|Any CPU
		{CF745CB4-9BF3-4E6B-9B4E-717DF1CE8D78}.Release|Any CPU.ActiveCfg = Release|Any CPU
		{CF745CB4-9BF3-4E6B-9B4E-717DF1CE8D78}.Release|Any CPU.Build.0 = Release|Any CPU
		{5B6B46B8-4B32-4E51-8239-58A0AE249DAA}.Debug|Any CPU.ActiveCfg = Debug|Any CPU
		{5B6B46B8-4B32-4E51-8239-58A0AE249DAA}.Debug|Any CPU.Build.0 = Debug|Any CPU
		{5B6B46B8-4B32-4E51-8239-58A0AE249DAA}.Release|Any CPU.ActiveCfg = Release|Any CPU
		{5B6B46B8-4B32-4E51-8239-58A0AE249DAA}.Release|Any CPU.Build.0 = Release|Any CPU
		{44AFD978-F0D3-4E59-A665-DD484BDEA603}.Debug|Any CPU.ActiveCfg = Debug|Any CPU
		{44AFD978-F0D3-4E59-A665-DD484BDEA603}.Debug|Any CPU.Build.0 = Debug|Any CPU
		{44AFD978-F0D3-4E59-A665-DD484BDEA603}.Release|Any CPU.ActiveCfg = Release|Any CPU
		{44AFD978-F0D3-4E59-A665-DD484BDEA603}.Release|Any CPU.Build.0 = Release|Any CPU
		{3AE48D26-C3FD-4F79-9AAA-0BFC60083C34}.Debug|Any CPU.ActiveCfg = Debug|Any CPU
		{3AE48D26-C3FD-4F79-9AAA-0BFC60083C34}.Debug|Any CPU.Build.0 = Debug|Any CPU
		{3AE48D26-C3FD-4F79-9AAA-0BFC60083C34}.Release|Any CPU.ActiveCfg = Release|Any CPU
		{3AE48D26-C3FD-4F79-9AAA-0BFC60083C34}.Release|Any CPU.Build.0 = Release|Any CPU
		{5D9140AB-04CD-4E5F-A93D-B36DBD95F1C8}.Debug|Any CPU.ActiveCfg = Debug|Any CPU
		{5D9140AB-04CD-4E5F-A93D-B36DBD95F1C8}.Debug|Any CPU.Build.0 = Debug|Any CPU
		{5D9140AB-04CD-4E5F-A93D-B36DBD95F1C8}.Release|Any CPU.ActiveCfg = Release|Any CPU
		{5D9140AB-04CD-4E5F-A93D-B36DBD95F1C8}.Release|Any CPU.Build.0 = Release|Any CPU
		{F78D781E-ED4C-485B-AD36-32728E50701A}.Debug|Any CPU.ActiveCfg = Debug|Any CPU
		{F78D781E-ED4C-485B-AD36-32728E50701A}.Debug|Any CPU.Build.0 = Debug|Any CPU
		{F78D781E-ED4C-485B-AD36-32728E50701A}.Release|Any CPU.ActiveCfg = Release|Any CPU
		{F78D781E-ED4C-485B-AD36-32728E50701A}.Release|Any CPU.Build.0 = Release|Any CPU
		{345A8AA4-1BDC-4BD5-BEB7-CF92902F4071}.Debug|Any CPU.ActiveCfg = Debug|Any CPU
		{345A8AA4-1BDC-4BD5-BEB7-CF92902F4071}.Debug|Any CPU.Build.0 = Debug|Any CPU
		{345A8AA4-1BDC-4BD5-BEB7-CF92902F4071}.Release|Any CPU.ActiveCfg = Release|Any CPU
		{345A8AA4-1BDC-4BD5-BEB7-CF92902F4071}.Release|Any CPU.Build.0 = Release|Any CPU
		{F3A74D98-8634-4120-920B-D04EFFA9F94A}.Debug|Any CPU.ActiveCfg = Debug|Any CPU
		{F3A74D98-8634-4120-920B-D04EFFA9F94A}.Debug|Any CPU.Build.0 = Debug|Any CPU
		{F3A74D98-8634-4120-920B-D04EFFA9F94A}.Release|Any CPU.ActiveCfg = Release|Any CPU
		{F3A74D98-8634-4120-920B-D04EFFA9F94A}.Release|Any CPU.Build.0 = Release|Any CPU
		{3D343E25-A031-49D5-8E3F-FA59F66C05AA}.Debug|Any CPU.ActiveCfg = Debug|Any CPU
		{3D343E25-A031-49D5-8E3F-FA59F66C05AA}.Debug|Any CPU.Build.0 = Debug|Any CPU
		{3D343E25-A031-49D5-8E3F-FA59F66C05AA}.Release|Any CPU.ActiveCfg = Release|Any CPU
		{3D343E25-A031-49D5-8E3F-FA59F66C05AA}.Release|Any CPU.Build.0 = Release|Any CPU
		{CC2FB06D-1CE6-47FA-90B9-A4CCD9634599}.Debug|Any CPU.ActiveCfg = Debug|Any CPU
		{CC2FB06D-1CE6-47FA-90B9-A4CCD9634599}.Debug|Any CPU.Build.0 = Debug|Any CPU
		{CC2FB06D-1CE6-47FA-90B9-A4CCD9634599}.Release|Any CPU.ActiveCfg = Release|Any CPU
		{CC2FB06D-1CE6-47FA-90B9-A4CCD9634599}.Release|Any CPU.Build.0 = Release|Any CPU
		{F89CBF8E-4726-498B-8303-DC8AE3A13F1A}.Debug|Any CPU.ActiveCfg = Debug|Any CPU
		{F89CBF8E-4726-498B-8303-DC8AE3A13F1A}.Debug|Any CPU.Build.0 = Debug|Any CPU
		{F89CBF8E-4726-498B-8303-DC8AE3A13F1A}.Release|Any CPU.ActiveCfg = Release|Any CPU
		{F89CBF8E-4726-498B-8303-DC8AE3A13F1A}.Release|Any CPU.Build.0 = Release|Any CPU
		{073A710B-5FA8-4CB2-A187-519FCC21AA7B}.Debug|Any CPU.ActiveCfg = Debug|Any CPU
		{073A710B-5FA8-4CB2-A187-519FCC21AA7B}.Debug|Any CPU.Build.0 = Debug|Any CPU
		{073A710B-5FA8-4CB2-A187-519FCC21AA7B}.Release|Any CPU.ActiveCfg = Release|Any CPU
		{073A710B-5FA8-4CB2-A187-519FCC21AA7B}.Release|Any CPU.Build.0 = Release|Any CPU
		{D3A45DEE-77D6-4C9D-994E-489135277B48}.Debug|Any CPU.ActiveCfg = Debug|Any CPU
		{D3A45DEE-77D6-4C9D-994E-489135277B48}.Debug|Any CPU.Build.0 = Debug|Any CPU
		{D3A45DEE-77D6-4C9D-994E-489135277B48}.Release|Any CPU.ActiveCfg = Release|Any CPU
		{D3A45DEE-77D6-4C9D-994E-489135277B48}.Release|Any CPU.Build.0 = Release|Any CPU
		{13160884-918B-4DB0-A921-6778418427EB}.Debug|Any CPU.ActiveCfg = Debug|Any CPU
		{13160884-918B-4DB0-A921-6778418427EB}.Debug|Any CPU.Build.0 = Debug|Any CPU
		{13160884-918B-4DB0-A921-6778418427EB}.Release|Any CPU.ActiveCfg = Release|Any CPU
		{13160884-918B-4DB0-A921-6778418427EB}.Release|Any CPU.Build.0 = Release|Any CPU
		{F1017BC2-33B8-460C-9D80-5AA12628E820}.Debug|Any CPU.ActiveCfg = Debug|Any CPU
		{F1017BC2-33B8-460C-9D80-5AA12628E820}.Debug|Any CPU.Build.0 = Debug|Any CPU
		{F1017BC2-33B8-460C-9D80-5AA12628E820}.Release|Any CPU.ActiveCfg = Release|Any CPU
		{F1017BC2-33B8-460C-9D80-5AA12628E820}.Release|Any CPU.Build.0 = Release|Any CPU
		{38061B29-6B04-45BC-AF0C-8885E4642083}.Debug|Any CPU.ActiveCfg = Debug|Any CPU
		{38061B29-6B04-45BC-AF0C-8885E4642083}.Debug|Any CPU.Build.0 = Debug|Any CPU
		{38061B29-6B04-45BC-AF0C-8885E4642083}.Release|Any CPU.ActiveCfg = Release|Any CPU
		{38061B29-6B04-45BC-AF0C-8885E4642083}.Release|Any CPU.Build.0 = Release|Any CPU
		{AF7CA2CD-7447-4259-B01D-7CEE746AF693}.Debug|Any CPU.ActiveCfg = Debug|Any CPU
		{AF7CA2CD-7447-4259-B01D-7CEE746AF693}.Debug|Any CPU.Build.0 = Debug|Any CPU
		{AF7CA2CD-7447-4259-B01D-7CEE746AF693}.Release|Any CPU.ActiveCfg = Release|Any CPU
		{AF7CA2CD-7447-4259-B01D-7CEE746AF693}.Release|Any CPU.Build.0 = Release|Any CPU
		{1A73168C-E76A-4BB1-A334-2907F17A8776}.Debug|Any CPU.ActiveCfg = Debug|Any CPU
		{1A73168C-E76A-4BB1-A334-2907F17A8776}.Debug|Any CPU.Build.0 = Debug|Any CPU
		{1A73168C-E76A-4BB1-A334-2907F17A8776}.Release|Any CPU.ActiveCfg = Release|Any CPU
		{1A73168C-E76A-4BB1-A334-2907F17A8776}.Release|Any CPU.Build.0 = Release|Any CPU
		{9B6739EC-E8D6-4769-8D7B-F886D95FB387}.Debug|Any CPU.ActiveCfg = Debug|Any CPU
		{9B6739EC-E8D6-4769-8D7B-F886D95FB387}.Debug|Any CPU.Build.0 = Debug|Any CPU
		{9B6739EC-E8D6-4769-8D7B-F886D95FB387}.Release|Any CPU.ActiveCfg = Release|Any CPU
		{9B6739EC-E8D6-4769-8D7B-F886D95FB387}.Release|Any CPU.Build.0 = Release|Any CPU
		{E106F4F3-287A-4B53-AA45-20C703FEEF7E}.Debug|Any CPU.ActiveCfg = Debug|Any CPU
		{E106F4F3-287A-4B53-AA45-20C703FEEF7E}.Debug|Any CPU.Build.0 = Debug|Any CPU
		{E106F4F3-287A-4B53-AA45-20C703FEEF7E}.Release|Any CPU.ActiveCfg = Release|Any CPU
		{E106F4F3-287A-4B53-AA45-20C703FEEF7E}.Release|Any CPU.Build.0 = Release|Any CPU
	EndGlobalSection
	GlobalSection(SolutionProperties) = preSolution
		HideSolutionNode = FALSE
	EndGlobalSection
	GlobalSection(NestedProjects) = preSolution
		{E689CA6C-2ABB-4DC7-BBAB-02021FB8BA7A} = {4A9DB6CD-8066-42EC-944B-1B76813ED7FD}
		{E5636341-A725-4DB8-8A26-9CA93E180794} = {4A9DB6CD-8066-42EC-944B-1B76813ED7FD}
		{8B5A7BD6-8D02-4E3B-857B-932406A607EC} = {D9DACF83-962E-4146-8ED3-8A241ED68221}
		{713E591F-6EB5-4957-A072-4A37DFCA4733} = {D9DACF83-962E-4146-8ED3-8A241ED68221}
		{C97AEF3B-41D3-423B-A119-26CF5E3C0842} = {9ABD87FD-FCCF-4944-888C-FAA21FDDDE27}
		{DB59E211-EE36-41CB-8701-AC29B55A9877} = {9ABD87FD-FCCF-4944-888C-FAA21FDDDE27}
		{C3EFBB1B-85B9-4B03-89B9-9E1E3AB2B550} = {BA2649A7-46B1-4C59-8DB1-D178921B8862}
		{AA6AACC6-6C6B-41D4-8373-698FCC1FC88A} = {BA2649A7-46B1-4C59-8DB1-D178921B8862}
		{2F015F39-E225-4A42-B9A3-D1F694516D2F} = {FFC43BEF-8791-4F42-9E86-EB14F78BA860}
		{72511F32-206E-417D-9806-F0EB91010025} = {FFC43BEF-8791-4F42-9E86-EB14F78BA860}
		{5ED27DBB-5DBD-4605-80AC-89662980468A} = {E5636341-A725-4DB8-8A26-9CA93E180794}
		{CF745CB4-9BF3-4E6B-9B4E-717DF1CE8D78} = {8B5A7BD6-8D02-4E3B-857B-932406A607EC}
		{5B6B46B8-4B32-4E51-8239-58A0AE249DAA} = {8B5A7BD6-8D02-4E3B-857B-932406A607EC}
		{44AFD978-F0D3-4E59-A665-DD484BDEA603} = {713E591F-6EB5-4957-A072-4A37DFCA4733}
		{3AE48D26-C3FD-4F79-9AAA-0BFC60083C34} = {713E591F-6EB5-4957-A072-4A37DFCA4733}
		{5D9140AB-04CD-4E5F-A93D-B36DBD95F1C8} = {C97AEF3B-41D3-423B-A119-26CF5E3C0842}
		{F78D781E-ED4C-485B-AD36-32728E50701A} = {C97AEF3B-41D3-423B-A119-26CF5E3C0842}
		{345A8AA4-1BDC-4BD5-BEB7-CF92902F4071} = {DB59E211-EE36-41CB-8701-AC29B55A9877}
		{F3A74D98-8634-4120-920B-D04EFFA9F94A} = {DB59E211-EE36-41CB-8701-AC29B55A9877}
		{3D343E25-A031-49D5-8E3F-FA59F66C05AA} = {C3EFBB1B-85B9-4B03-89B9-9E1E3AB2B550}
		{CC2FB06D-1CE6-47FA-90B9-A4CCD9634599} = {C3EFBB1B-85B9-4B03-89B9-9E1E3AB2B550}
		{F89CBF8E-4726-498B-8303-DC8AE3A13F1A} = {AA6AACC6-6C6B-41D4-8373-698FCC1FC88A}
		{073A710B-5FA8-4CB2-A187-519FCC21AA7B} = {AA6AACC6-6C6B-41D4-8373-698FCC1FC88A}
		{D3A45DEE-77D6-4C9D-994E-489135277B48} = {2F015F39-E225-4A42-B9A3-D1F694516D2F}
		{13160884-918B-4DB0-A921-6778418427EB} = {2F015F39-E225-4A42-B9A3-D1F694516D2F}
		{F1017BC2-33B8-460C-9D80-5AA12628E820} = {72511F32-206E-417D-9806-F0EB91010025}
		{38061B29-6B04-45BC-AF0C-8885E4642083} = {72511F32-206E-417D-9806-F0EB91010025}
		{AF7CA2CD-7447-4259-B01D-7CEE746AF693} = {E689CA6C-2ABB-4DC7-BBAB-02021FB8BA7A}
		{1A73168C-E76A-4BB1-A334-2907F17A8776} = {E689CA6C-2ABB-4DC7-BBAB-02021FB8BA7A}
		{9B6739EC-E8D6-4769-8D7B-F886D95FB387} = {E5636341-A725-4DB8-8A26-9CA93E180794}
	EndGlobalSection
	GlobalSection(ExtensibilityGlobals) = postSolution
		SolutionGuid = {4B79681C-CA38-4CB8-883F-252BC1AFBA69}
	EndGlobalSection
EndGlobal
